{
  "nodes": {
    "nixpkgs": {
      "locked": {
        "lastModified": 1634749942,
        "narHash": "sha256-RA82tLDZSL7XSdq6PgJrY3+HbZtNHlTGPe88Ah4WV4k=",
        "owner": "NixOS",
        "repo": "nixpkgs",
        "rev": "0c4ba371a579a9226b651182e2c860e95e6a7b79",
        "type": "github"
      },
      "original": {
        "id": "nixpkgs",
        "type": "indirect"
      }
    },
    "root": {
      "inputs": {
        "nixpkgs": "nixpkgs",
        "utils": "utils"
      }
    },
    "utils": {
      "locked": {
        "lastModified": 1633020561,
        "narHash": "sha256-4uAiRqL9nP3d/NQ8VBqjQ5iZypHaM+X/FyWpXVXkwTA=",
        "owner": "kreisys",
        "repo": "flake-utils",
        "rev": "2923532a276a5595ee64376ec1b3db6ed8503c52",
        "type": "github"
      },
      "original": {
        "owner": "kreisys",
        "repo": "flake-utils",
        "type": "github"
      }
    }
  },
  "root": "root",
  "version": 7
}
