{
  "nodes": {
    "nixpkgs": {
      "locked": {
        "lastModified": 1634749942,
        "narHash": "sha256-RA82tLDZSL7XSdq6PgJrY3+HbZtNHlTGPe88Ah4WV4k=",
        "owner": "NixOS",
        "repo": "nixpkgs",
        "rev": "0c4ba371a579a9226b651182e2c860e95e6a7b79",
        "type": "github"
      },
      "original": {
        "id": "nixpkgs",
        "type": "indirect"
      }
    },
    "root": {
      "inputs": {
        "nixpkgs": "nixpkgs"
      }
    }
  },
  "root": "root",
  "version": 7
}
